
Microsoft Visual Studio Solution File, Format Version 12.00
# Visual Studio Version 16
VisualStudioVersion = 16.0.30128.74
MinimumVisualStudioVersion = 10.0.40219.1
Project("{9A19103F-16F7-4668-BE54-9A1E7A4F7556}") = "Taxi.Common", "Taxi.Common\Taxi.Common.csproj", "{72D747E0-0195-4FA6-A809-40CE415AB3BE}"
EndProject
Project("{9A19103F-16F7-4668-BE54-9A1E7A4F7556}") = "Taxi.Web", "Taxi.Web\Taxi.Web.csproj", "{A6305628-98D4-47F7-A550-E1F4900E499C}"
EndProject
Project("{9A19103F-16F7-4668-BE54-9A1E7A4F7556}") = "Taxi.Prism", "Taxi.Prism\Taxi.Prism\Taxi.Prism.csproj", "{C899653D-20BA-4A53-8982-F60865753EED}"
EndProject
Project("{FAE04EC0-301F-11D3-BF4B-00C04F79EFBC}") = "Taxi.Prism.Android", "Taxi.Prism\Taxi.Prism.Android\Taxi.Prism.Android.csproj", "{5F72C89E-91B0-4C95-A2E0-86D6BCEB0F2D}"
EndProject
Project("{FAE04EC0-301F-11D3-BF4B-00C04F79EFBC}") = "Taxi.Prism.iOS", "Taxi.Prism\Taxi.Prism.iOS\Taxi.Prism.iOS.csproj", "{081128E5-5271-4FEB-8CA1-35F189CD99FE}"
EndProject
Project("{FAE04EC0-301F-11D3-BF4B-00C04F79EFBC}") = "Taxi.Cross.Android", "Taxi.Cross.Android\Taxi.Cross.Android.csproj", "{064B7398-92C2-4C3E-994D-5D75723037B5}"
EndProject
Project("{FAE04EC0-301F-11D3-BF4B-00C04F79EFBC}") = "Taxi.Cross.iOS", "Taxi.Cross.iOS\Taxi.Cross.iOS.csproj", "{6D7E8F8E-80B9-40BA-ACAF-F9CF8BA26952}"
EndProject
Global
	GlobalSection(SolutionConfigurationPlatforms) = preSolution
		Ad-Hoc|Any CPU = Ad-Hoc|Any CPU
		Ad-Hoc|iPhone = Ad-Hoc|iPhone
		Ad-Hoc|iPhoneSimulator = Ad-Hoc|iPhoneSimulator
		AppStore|Any CPU = AppStore|Any CPU
		AppStore|iPhone = AppStore|iPhone
		AppStore|iPhoneSimulator = AppStore|iPhoneSimulator
		Debug|Any CPU = Debug|Any CPU
		Debug|iPhone = Debug|iPhone
		Debug|iPhoneSimulator = Debug|iPhoneSimulator
		Release|Any CPU = Release|Any CPU
		Release|iPhone = Release|iPhone
		Release|iPhoneSimulator = Release|iPhoneSimulator
	EndGlobalSection
	GlobalSection(ProjectConfigurationPlatforms) = postSolution
		{72D747E0-0195-4FA6-A809-40CE415AB3BE}.Ad-Hoc|Any CPU.ActiveCfg = Release|Any CPU
		{72D747E0-0195-4FA6-A809-40CE415AB3BE}.Ad-Hoc|Any CPU.Build.0 = Release|Any CPU
		{72D747E0-0195-4FA6-A809-40CE415AB3BE}.Ad-Hoc|iPhone.ActiveCfg = Release|Any CPU
		{72D747E0-0195-4FA6-A809-40CE415AB3BE}.Ad-Hoc|iPhone.Build.0 = Release|Any CPU
		{72D747E0-0195-4FA6-A809-40CE415AB3BE}.Ad-Hoc|iPhoneSimulator.ActiveCfg = Release|Any CPU
		{72D747E0-0195-4FA6-A809-40CE415AB3BE}.Ad-Hoc|iPhoneSimulator.Build.0 = Release|Any CPU
		{72D747E0-0195-4FA6-A809-40CE415AB3BE}.AppStore|Any CPU.ActiveCfg = Release|Any CPU
		{72D747E0-0195-4FA6-A809-40CE415AB3BE}.AppStore|Any CPU.Build.0 = Release|Any CPU
		{72D747E0-0195-4FA6-A809-40CE415AB3BE}.AppStore|iPhone.ActiveCfg = Release|Any CPU
		{72D747E0-0195-4FA6-A809-40CE415AB3BE}.AppStore|iPhone.Build.0 = Release|Any CPU
		{72D747E0-0195-4FA6-A809-40CE415AB3BE}.AppStore|iPhoneSimulator.ActiveCfg = Release|Any CPU
		{72D747E0-0195-4FA6-A809-40CE415AB3BE}.AppStore|iPhoneSimulator.Build.0 = Release|Any CPU
		{72D747E0-0195-4FA6-A809-40CE415AB3BE}.Debug|Any CPU.ActiveCfg = Debug|Any CPU
		{72D747E0-0195-4FA6-A809-40CE415AB3BE}.Debug|Any CPU.Build.0 = Debug|Any CPU
		{72D747E0-0195-4FA6-A809-40CE415AB3BE}.Debug|iPhone.ActiveCfg = Debug|Any CPU
		{72D747E0-0195-4FA6-A809-40CE415AB3BE}.Debug|iPhone.Build.0 = Debug|Any CPU
		{72D747E0-0195-4FA6-A809-40CE415AB3BE}.Debug|iPhoneSimulator.ActiveCfg = Debug|Any CPU
		{72D747E0-0195-4FA6-A809-40CE415AB3BE}.Debug|iPhoneSimulator.Build.0 = Debug|Any CPU
		{72D747E0-0195-4FA6-A809-40CE415AB3BE}.Release|Any CPU.ActiveCfg = Release|Any CPU
		{72D747E0-0195-4FA6-A809-40CE415AB3BE}.Release|Any CPU.Build.0 = Release|Any CPU
		{72D747E0-0195-4FA6-A809-40CE415AB3BE}.Release|iPhone.ActiveCfg = Release|Any CPU
		{72D747E0-0195-4FA6-A809-40CE415AB3BE}.Release|iPhone.Build.0 = Release|Any CPU
		{72D747E0-0195-4FA6-A809-40CE415AB3BE}.Release|iPhoneSimulator.ActiveCfg = Release|Any CPU
		{72D747E0-0195-4FA6-A809-40CE415AB3BE}.Release|iPhoneSimulator.Build.0 = Release|Any CPU
		{A6305628-98D4-47F7-A550-E1F4900E499C}.Ad-Hoc|Any CPU.ActiveCfg = Release|Any CPU
		{A6305628-98D4-47F7-A550-E1F4900E499C}.Ad-Hoc|Any CPU.Build.0 = Release|Any CPU
		{A6305628-98D4-47F7-A550-E1F4900E499C}.Ad-Hoc|iPhone.ActiveCfg = Release|Any CPU
		{A6305628-98D4-47F7-A550-E1F4900E499C}.Ad-Hoc|iPhone.Build.0 = Release|Any CPU
		{A6305628-98D4-47F7-A550-E1F4900E499C}.Ad-Hoc|iPhoneSimulator.ActiveCfg = Release|Any CPU
		{A6305628-98D4-47F7-A550-E1F4900E499C}.Ad-Hoc|iPhoneSimulator.Build.0 = Release|Any CPU
		{A6305628-98D4-47F7-A550-E1F4900E499C}.AppStore|Any CPU.ActiveCfg = Release|Any CPU
		{A6305628-98D4-47F7-A550-E1F4900E499C}.AppStore|Any CPU.Build.0 = Release|Any CPU
		{A6305628-98D4-47F7-A550-E1F4900E499C}.AppStore|iPhone.ActiveCfg = Release|Any CPU
		{A6305628-98D4-47F7-A550-E1F4900E499C}.AppStore|iPhone.Build.0 = Release|Any CPU
		{A6305628-98D4-47F7-A550-E1F4900E499C}.AppStore|iPhoneSimulator.ActiveCfg = Release|Any CPU
		{A6305628-98D4-47F7-A550-E1F4900E499C}.AppStore|iPhoneSimulator.Build.0 = Release|Any CPU
		{A6305628-98D4-47F7-A550-E1F4900E499C}.Debug|Any CPU.ActiveCfg = Debug|Any CPU
		{A6305628-98D4-47F7-A550-E1F4900E499C}.Debug|Any CPU.Build.0 = Debug|Any CPU
		{A6305628-98D4-47F7-A550-E1F4900E499C}.Debug|iPhone.ActiveCfg = Debug|Any CPU
		{A6305628-98D4-47F7-A550-E1F4900E499C}.Debug|iPhone.Build.0 = Debug|Any CPU
		{A6305628-98D4-47F7-A550-E1F4900E499C}.Debug|iPhoneSimulator.ActiveCfg = Debug|Any CPU
		{A6305628-98D4-47F7-A550-E1F4900E499C}.Debug|iPhoneSimulator.Build.0 = Debug|Any CPU
		{A6305628-98D4-47F7-A550-E1F4900E499C}.Release|Any CPU.ActiveCfg = Release|Any CPU
		{A6305628-98D4-47F7-A550-E1F4900E499C}.Release|Any CPU.Build.0 = Release|Any CPU
		{A6305628-98D4-47F7-A550-E1F4900E499C}.Release|iPhone.ActiveCfg = Release|Any CPU
		{A6305628-98D4-47F7-A550-E1F4900E499C}.Release|iPhone.Build.0 = Release|Any CPU
		{A6305628-98D4-47F7-A550-E1F4900E499C}.Release|iPhoneSimulator.ActiveCfg = Release|Any CPU
		{A6305628-98D4-47F7-A550-E1F4900E499C}.Release|iPhoneSimulator.Build.0 = Release|Any CPU
		{C899653D-20BA-4A53-8982-F60865753EED}.Ad-Hoc|Any CPU.ActiveCfg = Debug|Any CPU
		{C899653D-20BA-4A53-8982-F60865753EED}.Ad-Hoc|Any CPU.Build.0 = Debug|Any CPU
		{C899653D-20BA-4A53-8982-F60865753EED}.Ad-Hoc|iPhone.ActiveCfg = Debug|Any CPU
		{C899653D-20BA-4A53-8982-F60865753EED}.Ad-Hoc|iPhone.Build.0 = Debug|Any CPU
		{C899653D-20BA-4A53-8982-F60865753EED}.Ad-Hoc|iPhoneSimulator.ActiveCfg = Debug|Any CPU
		{C899653D-20BA-4A53-8982-F60865753EED}.Ad-Hoc|iPhoneSimulator.Build.0 = Debug|Any CPU
		{C899653D-20BA-4A53-8982-F60865753EED}.AppStore|Any CPU.ActiveCfg = Debug|Any CPU
		{C899653D-20BA-4A53-8982-F60865753EED}.AppStore|Any CPU.Build.0 = Debug|Any CPU
		{C899653D-20BA-4A53-8982-F60865753EED}.AppStore|iPhone.ActiveCfg = Debug|Any CPU
		{C899653D-20BA-4A53-8982-F60865753EED}.AppStore|iPhone.Build.0 = Debug|Any CPU
		{C899653D-20BA-4A53-8982-F60865753EED}.AppStore|iPhoneSimulator.ActiveCfg = Debug|Any CPU
		{C899653D-20BA-4A53-8982-F60865753EED}.AppStore|iPhoneSimulator.Build.0 = Debug|Any CPU
		{C899653D-20BA-4A53-8982-F60865753EED}.Debug|Any CPU.ActiveCfg = Debug|Any CPU
		{C899653D-20BA-4A53-8982-F60865753EED}.Debug|Any CPU.Build.0 = Debug|Any CPU
		{C899653D-20BA-4A53-8982-F60865753EED}.Debug|iPhone.ActiveCfg = Debug|Any CPU
		{C899653D-20BA-4A53-8982-F60865753EED}.Debug|iPhone.Build.0 = Debug|Any CPU
		{C899653D-20BA-4A53-8982-F60865753EED}.Debug|iPhoneSimulator.ActiveCfg = Debug|Any CPU
		{C899653D-20BA-4A53-8982-F60865753EED}.Debug|iPhoneSimulator.Build.0 = Debug|Any CPU
		{C899653D-20BA-4A53-8982-F60865753EED}.Release|Any CPU.ActiveCfg = Release|Any CPU
		{C899653D-20BA-4A53-8982-F60865753EED}.Release|Any CPU.Build.0 = Release|Any CPU
		{C899653D-20BA-4A53-8982-F60865753EED}.Release|iPhone.ActiveCfg = Release|Any CPU
		{C899653D-20BA-4A53-8982-F60865753EED}.Release|iPhone.Build.0 = Release|Any CPU
		{C899653D-20BA-4A53-8982-F60865753EED}.Release|iPhoneSimulator.ActiveCfg = Release|Any CPU
		{C899653D-20BA-4A53-8982-F60865753EED}.Release|iPhoneSimulator.Build.0 = Release|Any CPU
		{5F72C89E-91B0-4C95-A2E0-86D6BCEB0F2D}.Ad-Hoc|Any CPU.ActiveCfg = Release|Any CPU
		{5F72C89E-91B0-4C95-A2E0-86D6BCEB0F2D}.Ad-Hoc|Any CPU.Build.0 = Release|Any CPU
		{5F72C89E-91B0-4C95-A2E0-86D6BCEB0F2D}.Ad-Hoc|Any CPU.Deploy.0 = Release|Any CPU
		{5F72C89E-91B0-4C95-A2E0-86D6BCEB0F2D}.Ad-Hoc|iPhone.ActiveCfg = Release|Any CPU
		{5F72C89E-91B0-4C95-A2E0-86D6BCEB0F2D}.Ad-Hoc|iPhone.Build.0 = Release|Any CPU
		{5F72C89E-91B0-4C95-A2E0-86D6BCEB0F2D}.Ad-Hoc|iPhone.Deploy.0 = Release|Any CPU
		{5F72C89E-91B0-4C95-A2E0-86D6BCEB0F2D}.Ad-Hoc|iPhoneSimulator.ActiveCfg = Release|Any CPU
		{5F72C89E-91B0-4C95-A2E0-86D6BCEB0F2D}.Ad-Hoc|iPhoneSimulator.Build.0 = Release|Any CPU
		{5F72C89E-91B0-4C95-A2E0-86D6BCEB0F2D}.Ad-Hoc|iPhoneSimulator.Deploy.0 = Release|Any CPU
		{5F72C89E-91B0-4C95-A2E0-86D6BCEB0F2D}.AppStore|Any CPU.ActiveCfg = Release|Any CPU
		{5F72C89E-91B0-4C95-A2E0-86D6BCEB0F2D}.AppStore|Any CPU.Build.0 = Release|Any CPU
		{5F72C89E-91B0-4C95-A2E0-86D6BCEB0F2D}.AppStore|Any CPU.Deploy.0 = Release|Any CPU
		{5F72C89E-91B0-4C95-A2E0-86D6BCEB0F2D}.AppStore|iPhone.ActiveCfg = Release|Any CPU
		{5F72C89E-91B0-4C95-A2E0-86D6BCEB0F2D}.AppStore|iPhone.Build.0 = Release|Any CPU
		{5F72C89E-91B0-4C95-A2E0-86D6BCEB0F2D}.AppStore|iPhone.Deploy.0 = Release|Any CPU
		{5F72C89E-91B0-4C95-A2E0-86D6BCEB0F2D}.AppStore|iPhoneSimulator.ActiveCfg = Release|Any CPU
		{5F72C89E-91B0-4C95-A2E0-86D6BCEB0F2D}.AppStore|iPhoneSimulator.Build.0 = Release|Any CPU
		{5F72C89E-91B0-4C95-A2E0-86D6BCEB0F2D}.AppStore|iPhoneSimulator.Deploy.0 = Release|Any CPU
		{5F72C89E-91B0-4C95-A2E0-86D6BCEB0F2D}.Debug|Any CPU.ActiveCfg = Debug|Any CPU
		{5F72C89E-91B0-4C95-A2E0-86D6BCEB0F2D}.Debug|Any CPU.Build.0 = Debug|Any CPU
		{5F72C89E-91B0-4C95-A2E0-86D6BCEB0F2D}.Debug|Any CPU.Deploy.0 = Debug|Any CPU
		{5F72C89E-91B0-4C95-A2E0-86D6BCEB0F2D}.Debug|iPhone.ActiveCfg = Debug|Any CPU
		{5F72C89E-91B0-4C95-A2E0-86D6BCEB0F2D}.Debug|iPhone.Build.0 = Debug|Any CPU
		{5F72C89E-91B0-4C95-A2E0-86D6BCEB0F2D}.Debug|iPhone.Deploy.0 = Debug|Any CPU
		{5F72C89E-91B0-4C95-A2E0-86D6BCEB0F2D}.Debug|iPhoneSimulator.ActiveCfg = Debug|Any CPU
		{5F72C89E-91B0-4C95-A2E0-86D6BCEB0F2D}.Debug|iPhoneSimulator.Build.0 = Debug|Any CPU
		{5F72C89E-91B0-4C95-A2E0-86D6BCEB0F2D}.Debug|iPhoneSimulator.Deploy.0 = Debug|Any CPU
		{5F72C89E-91B0-4C95-A2E0-86D6BCEB0F2D}.Release|Any CPU.ActiveCfg = Release|Any CPU
		{5F72C89E-91B0-4C95-A2E0-86D6BCEB0F2D}.Release|Any CPU.Build.0 = Release|Any CPU
		{5F72C89E-91B0-4C95-A2E0-86D6BCEB0F2D}.Release|Any CPU.Deploy.0 = Release|Any CPU
		{5F72C89E-91B0-4C95-A2E0-86D6BCEB0F2D}.Release|iPhone.ActiveCfg = Release|Any CPU
		{5F72C89E-91B0-4C95-A2E0-86D6BCEB0F2D}.Release|iPhone.Build.0 = Release|Any CPU
		{5F72C89E-91B0-4C95-A2E0-86D6BCEB0F2D}.Release|iPhone.Deploy.0 = Release|Any CPU
		{5F72C89E-91B0-4C95-A2E0-86D6BCEB0F2D}.Release|iPhoneSimulator.ActiveCfg = Release|Any CPU
		{5F72C89E-91B0-4C95-A2E0-86D6BCEB0F2D}.Release|iPhoneSimulator.Build.0 = Release|Any CPU
		{5F72C89E-91B0-4C95-A2E0-86D6BCEB0F2D}.Release|iPhoneSimulator.Deploy.0 = Release|Any CPU
		{081128E5-5271-4FEB-8CA1-35F189CD99FE}.Ad-Hoc|Any CPU.ActiveCfg = Ad-Hoc|iPhone
		{081128E5-5271-4FEB-8CA1-35F189CD99FE}.Ad-Hoc|iPhone.ActiveCfg = Ad-Hoc|iPhone
		{081128E5-5271-4FEB-8CA1-35F189CD99FE}.Ad-Hoc|iPhone.Build.0 = Ad-Hoc|iPhone
		{081128E5-5271-4FEB-8CA1-35F189CD99FE}.Ad-Hoc|iPhoneSimulator.ActiveCfg = Ad-Hoc|iPhoneSimulator
		{081128E5-5271-4FEB-8CA1-35F189CD99FE}.Ad-Hoc|iPhoneSimulator.Build.0 = Ad-Hoc|iPhoneSimulator
		{081128E5-5271-4FEB-8CA1-35F189CD99FE}.AppStore|Any CPU.ActiveCfg = AppStore|iPhone
		{081128E5-5271-4FEB-8CA1-35F189CD99FE}.AppStore|iPhone.ActiveCfg = AppStore|iPhone
		{081128E5-5271-4FEB-8CA1-35F189CD99FE}.AppStore|iPhone.Build.0 = AppStore|iPhone
		{081128E5-5271-4FEB-8CA1-35F189CD99FE}.AppStore|iPhoneSimulator.ActiveCfg = AppStore|iPhoneSimulator
		{081128E5-5271-4FEB-8CA1-35F189CD99FE}.AppStore|iPhoneSimulator.Build.0 = AppStore|iPhoneSimulator
		{081128E5-5271-4FEB-8CA1-35F189CD99FE}.Debug|Any CPU.ActiveCfg = Debug|iPhone
		{081128E5-5271-4FEB-8CA1-35F189CD99FE}.Debug|iPhone.ActiveCfg = Debug|iPhone
		{081128E5-5271-4FEB-8CA1-35F189CD99FE}.Debug|iPhone.Build.0 = Debug|iPhone
		{081128E5-5271-4FEB-8CA1-35F189CD99FE}.Debug|iPhoneSimulator.ActiveCfg = Debug|iPhoneSimulator
		{081128E5-5271-4FEB-8CA1-35F189CD99FE}.Debug|iPhoneSimulator.Build.0 = Debug|iPhoneSimulator
		{081128E5-5271-4FEB-8CA1-35F189CD99FE}.Release|Any CPU.ActiveCfg = Release|iPhone
		{081128E5-5271-4FEB-8CA1-35F189CD99FE}.Release|iPhone.ActiveCfg = Release|iPhone
		{081128E5-5271-4FEB-8CA1-35F189CD99FE}.Release|iPhone.Build.0 = Release|iPhone
		{081128E5-5271-4FEB-8CA1-35F189CD99FE}.Release|iPhoneSimulator.ActiveCfg = Release|iPhoneSimulator
		{081128E5-5271-4FEB-8CA1-35F189CD99FE}.Release|iPhoneSimulator.Build.0 = Release|iPhoneSimulator
		{064B7398-92C2-4C3E-994D-5D75723037B5}.Ad-Hoc|Any CPU.ActiveCfg = Release|Any CPU
		{064B7398-92C2-4C3E-994D-5D75723037B5}.Ad-Hoc|Any CPU.Build.0 = Release|Any CPU
		{064B7398-92C2-4C3E-994D-5D75723037B5}.Ad-Hoc|Any CPU.Deploy.0 = Release|Any CPU
		{064B7398-92C2-4C3E-994D-5D75723037B5}.Ad-Hoc|iPhone.ActiveCfg = Release|Any CPU
		{064B7398-92C2-4C3E-994D-5D75723037B5}.Ad-Hoc|iPhone.Build.0 = Release|Any CPU
		{064B7398-92C2-4C3E-994D-5D75723037B5}.Ad-Hoc|iPhone.Deploy.0 = Release|Any CPU
		{064B7398-92C2-4C3E-994D-5D75723037B5}.Ad-Hoc|iPhoneSimulator.ActiveCfg = Release|Any CPU
		{064B7398-92C2-4C3E-994D-5D75723037B5}.Ad-Hoc|iPhoneSimulator.Build.0 = Release|Any CPU
		{064B7398-92C2-4C3E-994D-5D75723037B5}.Ad-Hoc|iPhoneSimulator.Deploy.0 = Release|Any CPU
		{064B7398-92C2-4C3E-994D-5D75723037B5}.AppStore|Any CPU.ActiveCfg = Release|Any CPU
		{064B7398-92C2-4C3E-994D-5D75723037B5}.AppStore|Any CPU.Build.0 = Release|Any CPU
		{064B7398-92C2-4C3E-994D-5D75723037B5}.AppStore|Any CPU.Deploy.0 = Release|Any CPU
		{064B7398-92C2-4C3E-994D-5D75723037B5}.AppStore|iPhone.ActiveCfg = Release|Any CPU
		{064B7398-92C2-4C3E-994D-5D75723037B5}.AppStore|iPhone.Build.0 = Release|Any CPU
		{064B7398-92C2-4C3E-994D-5D75723037B5}.AppStore|iPhone.Deploy.0 = Release|Any CPU
		{064B7398-92C2-4C3E-994D-5D75723037B5}.AppStore|iPhoneSimulator.ActiveCfg = Release|Any CPU
		{064B7398-92C2-4C3E-994D-5D75723037B5}.AppStore|iPhoneSimulator.Build.0 = Release|Any CPU
		{064B7398-92C2-4C3E-994D-5D75723037B5}.AppStore|iPhoneSimulator.Deploy.0 = Release|Any CPU
		{064B7398-92C2-4C3E-994D-5D75723037B5}.Debug|Any CPU.ActiveCfg = Debug|Any CPU
		{064B7398-92C2-4C3E-994D-5D75723037B5}.Debug|Any CPU.Build.0 = Debug|Any CPU
		{064B7398-92C2-4C3E-994D-5D75723037B5}.Debug|Any CPU.Deploy.0 = Debug|Any CPU
		{064B7398-92C2-4C3E-994D-5D75723037B5}.Debug|iPhone.ActiveCfg = Debug|Any CPU
		{064B7398-92C2-4C3E-994D-5D75723037B5}.Debug|iPhone.Build.0 = Debug|Any CPU
		{064B7398-92C2-4C3E-994D-5D75723037B5}.Debug|iPhone.Deploy.0 = Debug|Any CPU
		{064B7398-92C2-4C3E-994D-5D75723037B5}.Debug|iPhoneSimulator.ActiveCfg = Debug|Any CPU
		{064B7398-92C2-4C3E-994D-5D75723037B5}.Debug|iPhoneSimulator.Build.0 = Debug|Any CPU
		{064B7398-92C2-4C3E-994D-5D75723037B5}.Debug|iPhoneSimulator.Deploy.0 = Debug|Any CPU
		{064B7398-92C2-4C3E-994D-5D75723037B5}.Release|Any CPU.ActiveCfg = Release|Any CPU
		{064B7398-92C2-4C3E-994D-5D75723037B5}.Release|Any CPU.Build.0 = Release|Any CPU
		{064B7398-92C2-4C3E-994D-5D75723037B5}.Release|Any CPU.Deploy.0 = Release|Any CPU
		{064B7398-92C2-4C3E-994D-5D75723037B5}.Release|iPhone.ActiveCfg = Release|Any CPU
		{064B7398-92C2-4C3E-994D-5D75723037B5}.Release|iPhone.Build.0 = Release|Any CPU
		{064B7398-92C2-4C3E-994D-5D75723037B5}.Release|iPhone.Deploy.0 = Release|Any CPU
		{064B7398-92C2-4C3E-994D-5D75723037B5}.Release|iPhoneSimulator.ActiveCfg = Release|Any CPU
		{064B7398-92C2-4C3E-994D-5D75723037B5}.Release|iPhoneSimulator.Build.0 = Release|Any CPU
		{064B7398-92C2-4C3E-994D-5D75723037B5}.Release|iPhoneSimulator.Deploy.0 = Release|Any CPU
		{6D7E8F8E-80B9-40BA-ACAF-F9CF8BA26952}.Ad-Hoc|Any CPU.ActiveCfg = Release|iPhone
		{6D7E8F8E-80B9-40BA-ACAF-F9CF8BA26952}.Ad-Hoc|Any CPU.Build.0 = Release|iPhone
		{6D7E8F8E-80B9-40BA-ACAF-F9CF8BA26952}.Ad-Hoc|iPhone.ActiveCfg = Release|iPhone
		{6D7E8F8E-80B9-40BA-ACAF-F9CF8BA26952}.Ad-Hoc|iPhone.Build.0 = Release|iPhone
		{6D7E8F8E-80B9-40BA-ACAF-F9CF8BA26952}.Ad-Hoc|iPhoneSimulator.ActiveCfg = Release|iPhoneSimulator
		{6D7E8F8E-80B9-40BA-ACAF-F9CF8BA26952}.Ad-Hoc|iPhoneSimulator.Build.0 = Release|iPhoneSimulator
		{6D7E8F8E-80B9-40BA-ACAF-F9CF8BA26952}.AppStore|Any CPU.ActiveCfg = Release|iPhone
		{6D7E8F8E-80B9-40BA-ACAF-F9CF8BA26952}.AppStore|Any CPU.Build.0 = Release|iPhone
		{6D7E8F8E-80B9-40BA-ACAF-F9CF8BA26952}.AppStore|iPhone.ActiveCfg = Release|iPhone
		{6D7E8F8E-80B9-40BA-ACAF-F9CF8BA26952}.AppStore|iPhone.Build.0 = Release|iPhone
		{6D7E8F8E-80B9-40BA-ACAF-F9CF8BA26952}.AppStore|iPhoneSimulator.ActiveCfg = Release|iPhoneSimulator
		{6D7E8F8E-80B9-40BA-ACAF-F9CF8BA26952}.AppStore|iPhoneSimulator.Build.0 = Release|iPhoneSimulator
		{6D7E8F8E-80B9-40BA-ACAF-F9CF8BA26952}.Debug|Any CPU.ActiveCfg = Debug|iPhone
		{6D7E8F8E-80B9-40BA-ACAF-F9CF8BA26952}.Debug|iPhone.ActiveCfg = Debug|iPhone
		{6D7E8F8E-80B9-40BA-ACAF-F9CF8BA26952}.Debug|iPhone.Build.0 = Debug|iPhone
		{6D7E8F8E-80B9-40BA-ACAF-F9CF8BA26952}.Debug|iPhoneSimulator.ActiveCfg = Debug|iPhoneSimulator
		{6D7E8F8E-80B9-40BA-ACAF-F9CF8BA26952}.Debug|iPhoneSimulator.Build.0 = Debug|iPhoneSimulator
		{6D7E8F8E-80B9-40BA-ACAF-F9CF8BA26952}.Release|Any CPU.ActiveCfg = Release|iPhone
		{6D7E8F8E-80B9-40BA-ACAF-F9CF8BA26952}.Release|iPhone.ActiveCfg = Release|iPhone
		{6D7E8F8E-80B9-40BA-ACAF-F9CF8BA26952}.Release|iPhone.Build.0 = Release|iPhone
		{6D7E8F8E-80B9-40BA-ACAF-F9CF8BA26952}.Release|iPhoneSimulator.ActiveCfg = Release|iPhoneSimulator
		{6D7E8F8E-80B9-40BA-ACAF-F9CF8BA26952}.Release|iPhoneSimulator.Build.0 = Release|iPhoneSimulator
	EndGlobalSection
	GlobalSection(SolutionProperties) = preSolution
		HideSolutionNode = FALSE
	EndGlobalSection
	GlobalSection(ExtensibilityGlobals) = postSolution
		SolutionGuid = {60CF6FDA-0947-4844-9C24-BD0C0C7F1931}
	EndGlobalSection
EndGlobal
